{
  "name": "bida_ble",
  "version": "1.0.0",
  "lockfileVersion": 1,
  "requires": true,
  "dependencies": {
    "@miniprogram-i18n/core": {
      "version": "1.0.0-rc.11",
      "resolved": "https://registry.npm.taobao.org/@miniprogram-i18n/core/download/@miniprogram-i18n/core-1.0.0-rc.11.tgz",
      "integrity": "sha1-1gz1O606TfoBNS48ORy9/4UJlRQ=",
      "requires": {
        "format-message-interpret": "^6.2.0",
        "message-format": "^6.2.0",
        "shallowequal": "^1.1.0"
      }
    },
    "@types/wechat-miniprogram": {
      "version": "3.0.0",
      "resolved": "https://registry.npm.taobao.org/@types/wechat-miniprogram/download/@types/wechat-miniprogram-3.0.0.tgz",
      "integrity": "sha1-QB0L9PQ33ZRj6MqZIJ5HQjAtHlQ="
    },
    "@vant/weapp": {
      "version": "1.5.2",
      "resolved": "https://registry.npm.taobao.org/@vant/weapp/download/@vant/weapp-1.5.2.tgz",
      "integrity": "sha1-6gkiP1KzoMzEyRTr5Ya2mwyAFoU=",
      "requires": {
        "@types/wechat-miniprogram": "^3.0.0"
      }
    },
    "charenc": {
      "version": "0.0.2",
      "resolved": "https://registry.npm.taobao.org/charenc/download/charenc-0.0.2.tgz",
      "integrity": "sha1-wKHS86cJLgN3S/qD8UwPxXkKhmc="
    },
    "crypt": {
      "version": "0.0.2",
      "resolved": "https://registry.npm.taobao.org/crypt/download/crypt-0.0.2.tgz",
      "integrity": "sha1-iNf/fsDfuG9xPch7u0LQRNPmxBs="
    },
    "fast-deep-equal": {
      "version": "2.0.1",
      "resolved": "https://registry.npm.taobao.org/fast-deep-equal/download/fast-deep-equal-2.0.1.tgz?cache=0&sync_timestamp=1591599651635&other_urls=https%3A%2F%2Fregistry.npm.taobao.org%2Ffast-deep-equal%2Fdownload%2Ffast-deep-equal-2.0.1.tgz",
      "integrity": "sha1-ewUhjd+WZ79/Nwv3/bLLFf3Qqkk="
    },
    "format-message-formats": {
      "version": "6.2.0",
      "resolved": "https://registry.npm.taobao.org/format-message-formats/download/format-message-formats-6.2.0.tgz",
      "integrity": "sha1-IxwqPSgG4yADMceqBkMMtAP1h5I="
    },
    "format-message-interpret": {
      "version": "6.2.3",
      "resolved": "https://registry.npm.taobao.org/format-message-interpret/download/format-message-interpret-6.2.3.tgz",
      "integrity": "sha1-7nL+kkECx9PwwtEnl/U9jZN5WBA=",
      "requires": {
        "format-message-formats": "^6.2.0",
        "lookup-closest-locale": "^6.2.0"
      }
    },
    "format-message-parse": {
      "version": "6.2.3",
      "resolved": "https://registry.npm.taobao.org/format-message-parse/download/format-message-parse-6.2.3.tgz",
      "integrity": "sha1-E5PZ4rxZhgOja+mSN5eBp40bbAg="
    },
    "is-buffer": {
      "version": "1.1.6",
      "resolved": "https://registry.npm.taobao.org/is-buffer/download/is-buffer-1.1.6.tgz?cache=0&sync_timestamp=1604429452232&other_urls=https%3A%2F%2Fregistry.npm.taobao.org%2Fis-buffer%2Fdownload%2Fis-buffer-1.1.6.tgz",
      "integrity": "sha1-76ouqdqg16suoTqXsritUf776L4="
    },
    "lookup-closest-locale": {
      "version": "6.2.0",
      "resolved": "https://registry.npm.taobao.org/lookup-closest-locale/download/lookup-closest-locale-6.2.0.tgz",
      "integrity": "sha1-V/Zl5gT9JvdxQtSBUgFUArYHvPM="
    },
    "md5": {
      "version": "2.3.0",
      "resolved": "https://registry.npm.taobao.org/md5/download/md5-2.3.0.tgz?cache=0&sync_timestamp=1596362680344&other_urls=https%3A%2F%2Fregistry.npm.taobao.org%2Fmd5%2Fdownload%2Fmd5-2.3.0.tgz",
      "integrity": "sha1-w9qaaq46MLRreww0m4exENw72k8=",
      "requires": {
        "charenc": "0.0.2",
        "crypt": "0.0.2",
        "is-buffer": "~1.1.6"
      }
    },
    "message-format": {
      "version": "6.2.3",
      "resolved": "https://registry.npm.taobao.org/message-format/download/message-format-6.2.3.tgz",
      "integrity": "sha1-Yw8rHXNd8vocLnBKymsOHTHHNp8=",
      "requires": {
        "format-message-interpret": "^6.2.3",
        "format-message-parse": "^6.2.3"
      }
    },
    "miniprogram-api-promise": {
      "version": "1.0.4",
      "resolved": "https://registry.npm.taobao.org/miniprogram-api-promise/download/miniprogram-api-promise-1.0.4.tgz",
      "integrity": "sha1-/v6bcpI/0x+IsSRjtQLLRXyJK0w="
    },
    "miniprogram-computed": {
      "version": "2.2.0",
      "resolved": "https://registry.npm.taobao.org/miniprogram-computed/download/miniprogram-computed-2.2.0.tgz",
      "integrity": "sha1-xsHmYfhsDHhDxDO+KsPB0DZWeXs=",
      "requires": {
        "fast-deep-equal": "^2.0.1",
        "rfdc": "^1.1.4"
      }
    },
    "rfdc": {
      "version": "1.3.0",
      "resolved": "https://registry.npm.taobao.org/rfdc/download/rfdc-1.3.0.tgz",
      "integrity": "sha1-0LfEQasnINBdxM8m4ByJYx2doIs="
    },
    "shallowequal": {
      "version": "1.1.0",
      "resolved": "https://registry.npm.taobao.org/shallowequal/download/shallowequal-1.1.0.tgz",
      "integrity": "sha1-GI1SHelbkIdAT9TctosT3wrk5/g="
    }
  }
}
